
Microsoft Visual Studio Solution File, Format Version 12.00
# Visual Studio Version 17
VisualStudioVersion = 17.9.34607.119
MinimumVisualStudioVersion = 10.0.40219.1
Project("{FAE04EC0-301F-11D3-BF4B-00C04F79EFBC}") = "2048WinFormsApp", "2048WinFormsApp\2048WinFormsApp.csproj", "{3DDA2701-AE8C-4797-8DF6-51EE635EBE51}"
EndProject
Global
	GlobalSection(SolutionConfigurationPlatforms) = preSolution
		Debug|Any CPU = Debug|Any CPU
		Release|Any CPU = Release|Any CPU
	EndGlobalSection
	GlobalSection(ProjectConfigurationPlatforms) = postSolution
		{3DDA2701-AE8C-4797-8DF6-51EE635EBE51}.Debug|Any CPU.ActiveCfg = Debug|Any CPU
		{3DDA2701-AE8C-4797-8DF6-51EE635EBE51}.Debug|Any CPU.Build.0 = Debug|Any CPU
		{3DDA2701-AE8C-4797-8DF6-51EE635EBE51}.Release|Any CPU.ActiveCfg = Release|Any CPU
		{3DDA2701-AE8C-4797-8DF6-51EE635EBE51}.Release|Any CPU.Build.0 = Release|Any CPU
	EndGlobalSection
	GlobalSection(SolutionProperties) = preSolution
		HideSolutionNode = FALSE
	EndGlobalSection
	GlobalSection(ExtensibilityGlobals) = postSolution
		SolutionGuid = {452210EC-2246-482F-9E58-C3B56F5EED50}
	EndGlobalSection
EndGlobal
